# This file is automatically @generated by Cargo.
# It is not intended for manual editing.
version = 3

[[package]]
name = "bitflags"
version = "0.9.1"
source = "registry+https://github.com/rust-lang/crates.io-index"
checksum = "4efd02e230a02e18f92fc2735f44597385ed02ad8f831e7c1c1156ee5e1ab3a5"

[[package]]
name = "cfg-if"
version = "0.1.2"
source = "registry+https://github.com/rust-lang/crates.io-index"
checksum = "d4c819a1287eb618df47cc647173c5c4c66ba19d888a6e50d605672aed3140de"

[[package]]
name = "conv"
version = "0.3.3"
source = "registry+https://github.com/rust-lang/crates.io-index"
checksum = "78ff10625fd0ac447827aa30ea8b861fead473bb60aeb73af6c1c58caf0d1299"
dependencies = [
 "custom_derive",
]

[[package]]
name = "custom_derive"
version = "0.1.7"
source = "registry+https://github.com/rust-lang/crates.io-index"
checksum = "ef8ae57c4978a2acd8b869ce6b9ca1dfe817bff704c220209fdef2c0b75a01b9"

[[package]]
name = "erlang_nif-sys"
version = "0.6.4"
source = "registry+https://github.com/rust-lang/crates.io-index"
checksum = "9bc72dbc2c220693a2a009ec97705c144ea5cc5db703df43feb903663c999536"
dependencies = [
 "unreachable",
]

[[package]]
name = "exgpgme"
version = "0.1.0"
dependencies = [
 "gpgme",
 "lazy_static 0.2.9",
 "rustler",
 "rustler_codegen",
]

[[package]]
name = "gcc"
version = "0.3.54"
source = "registry+https://github.com/rust-lang/crates.io-index"
checksum = "5e33ec290da0d127825013597dbdfc28bee4964690c7ce1166cbc2a7bd08b1bb"

[[package]]
name = "gpg-error"
version = "0.2.2"
source = "registry+https://github.com/rust-lang/crates.io-index"
checksum = "c732e7f1b15b2e2a3c8be3ccdc8d645d3c22628901252318931fa54c1e13e08f"
dependencies = [
 "libgpg-error-sys",
]

[[package]]
name = "gpgme"
version = "0.6.1"
source = "git+https://github.com/johnschug/rust-gpgme.git#9df869c3bd2776241f3a4bca31029caf468b3c41"
dependencies = [
 "bitflags",
 "cfg-if",
 "conv",
 "gpg-error",
 "gpgme-sys",
 "lazy_static 0.2.9",
 "libc",
]

[[package]]
name = "gpgme-sys"
version = "0.6.1"
source = "git+https://github.com/johnschug/rust-gpgme.git#9df869c3bd2776241f3a4bca31029caf468b3c41"
dependencies = [
 "cfg-if",
 "gcc",
 "libc",
 "libgpg-error-sys",
]

[[package]]
name = "lazy_static"
version = "0.1.16"
source = "registry+https://github.com/rust-lang/crates.io-index"
checksum = "cf186d1a8aa5f5bee5fd662bc9c1b949e0259e1bcc379d1f006847b0080c7417"

[[package]]
name = "lazy_static"
version = "0.2.9"
source = "registry+https://github.com/rust-lang/crates.io-index"
checksum = "c9e5e58fa1a4c3b915a561a78a22ee0cac6ab97dca2504428bc1cb074375f8d5"

[[package]]
name = "libc"
version = "0.2.33"
source = "registry+https://github.com/rust-lang/crates.io-index"
checksum = "5ba3df4dcb460b9dfbd070d41c94c19209620c191b0340b929ce748a2bcd42d2"

[[package]]
name = "libgpg-error-sys"
version = "0.2.3"
source = "registry+https://github.com/rust-lang/crates.io-index"
checksum = "b0ef83893f1c49d4aaf751d0105b9c0120f385b8965c7437d0f024aeef5bbeb2"
dependencies = [
 "gcc",
]

[[package]]
name = "quote"
version = "0.3.15"
source = "registry+https://github.com/rust-lang/crates.io-index"
checksum = "7a6e920b65c65f10b2ae65c831a81a073a89edd28c7cce89475bff467ab4167a"

[[package]]
name = "rustler"
version = "0.15.1"
source = "registry+https://github.com/rust-lang/crates.io-index"
checksum = "c9c618866bb92c22a30810b593809a41ee65640d82bca664954adcc2ed0a1cef"
dependencies = [
 "erlang_nif-sys",
 "lazy_static 0.1.16",
]

[[package]]
name = "rustler_codegen"
version = "0.15.1"
source = "registry+https://github.com/rust-lang/crates.io-index"
checksum = "d7627a6cea2d3aa1146eeed1f99c794f2dc01ab7b7072896a1561ed730bb024d"
dependencies = [
 "quote",
 "syn",
]

[[package]]
name = "syn"
version = "0.11.11"
source = "registry+https://github.com/rust-lang/crates.io-index"
checksum = "d3b891b9015c88c576343b9b3e41c2c11a51c219ef067b264bd9c8aa9b441dad"
dependencies = [
 "quote",
 "synom",
 "unicode-xid",
]

[[package]]
name = "synom"
version = "0.11.3"
source = "registry+https://github.com/rust-lang/crates.io-index"
checksum = "a393066ed9010ebaed60b9eafa373d4b1baac186dd7e008555b0f702b51945b6"
dependencies = [
 "unicode-xid",
]

[[package]]
name = "unicode-xid"
version = "0.0.4"
source = "registry+https://github.com/rust-lang/crates.io-index"
checksum = "8c1f860d7d29cf02cb2f3f359fd35991af3d30bac52c57d265a3c461074cb4dc"

[[package]]
name = "unreachable"
version = "0.1.1"
source = "registry+https://github.com/rust-lang/crates.io-index"
checksum = "1f2ae5ddb18e1c92664717616dd9549dde73f539f01bd7b77c2edb2446bdff91"
dependencies = [
 "void",
]

[[package]]
name = "void"
version = "1.0.2"
source = "registry+https://github.com/rust-lang/crates.io-index"
checksum = "6a02e4885ed3bc0f2de90ea6dd45ebcbb66dacffe03547fadbb0eeae2770887d"
